
Microsoft Visual Studio Solution File, Format Version 12.00
# Visual Studio Version 17
VisualStudioVersion = 17.0.31903.59
MinimumVisualStudioVersion = 10.0.40219.1
Project("{9A19103F-16F7-4668-BE54-9A1E7A4F7556}") = "Cs4rsa", "cs4rsa_core\Cs4rsa.csproj", "{93ACCEED-955F-4AF0-A909-76FE718B0DD7}"
EndProject
Project("{2150E333-8FDC-42A3-9474-1A3956D46DE8}") = "Solution Items", "Solution Items", "{F2BB9055-57B8-4383-B9A7-C1F0A15696D2}"
	ProjectSection(SolutionItems) = preProject
		.gitignore = .gitignore
		README.md = README.md
	EndProjectSection
EndProject
Project("{9A19103F-16F7-4668-BE54-9A1E7A4F7556}") = "Cs4rsaTest", "Cs4rsaTest\Cs4rsaTest.csproj", "{03795362-4319-4D97-B228-28D16D6FE3EE}"
EndProject
Project("{9A19103F-16F7-4668-BE54-9A1E7A4F7556}") = "CredizBlazor", "CredizBlazor\CredizBlazor.csproj", "{39FE1824-D1B6-4C76-AF0C-A99E190A6BC4}"
EndProject
Project("{9A19103F-16F7-4668-BE54-9A1E7A4F7556}") = "CwebizAPI", "CwebizAPI\CwebizAPI.csproj", "{CA4E7F09-55CC-417D-AF6D-403754811586}"
EndProject
Project("{9A19103F-16F7-4668-BE54-9A1E7A4F7556}") = "CwebizAPI.Share", "CwebizAPI.Share\CwebizAPI.Share.csproj", "{DAFD322D-DBDC-4728-B4F3-50626570A189}"
EndProject
Global
	GlobalSection(SolutionConfigurationPlatforms) = preSolution
		Debug|Any CPU = Debug|Any CPU
		Debug|ARM = Debug|ARM
		Debug|ARM64 = Debug|ARM64
		Debug|x64 = Debug|x64
		Debug|x86 = Debug|x86
		Release|Any CPU = Release|Any CPU
		Release|ARM = Release|ARM
		Release|ARM64 = Release|ARM64
		Release|x64 = Release|x64
		Release|x86 = Release|x86
	EndGlobalSection
	GlobalSection(ProjectConfigurationPlatforms) = postSolution
		{93ACCEED-955F-4AF0-A909-76FE718B0DD7}.Debug|Any CPU.ActiveCfg = Debug|Any CPU
		{93ACCEED-955F-4AF0-A909-76FE718B0DD7}.Debug|Any CPU.Build.0 = Debug|Any CPU
		{93ACCEED-955F-4AF0-A909-76FE718B0DD7}.Debug|ARM.ActiveCfg = Debug|Any CPU
		{93ACCEED-955F-4AF0-A909-76FE718B0DD7}.Debug|ARM.Build.0 = Debug|Any CPU
		{93ACCEED-955F-4AF0-A909-76FE718B0DD7}.Debug|ARM64.ActiveCfg = Debug|Any CPU
		{93ACCEED-955F-4AF0-A909-76FE718B0DD7}.Debug|ARM64.Build.0 = Debug|Any CPU
		{93ACCEED-955F-4AF0-A909-76FE718B0DD7}.Debug|x64.ActiveCfg = Debug|Any CPU
		{93ACCEED-955F-4AF0-A909-76FE718B0DD7}.Debug|x64.Build.0 = Debug|Any CPU
		{93ACCEED-955F-4AF0-A909-76FE718B0DD7}.Debug|x86.ActiveCfg = Debug|Any CPU
		{93ACCEED-955F-4AF0-A909-76FE718B0DD7}.Debug|x86.Build.0 = Debug|Any CPU
		{93ACCEED-955F-4AF0-A909-76FE718B0DD7}.Release|Any CPU.ActiveCfg = Release|Any CPU
		{93ACCEED-955F-4AF0-A909-76FE718B0DD7}.Release|Any CPU.Build.0 = Release|Any CPU
		{93ACCEED-955F-4AF0-A909-76FE718B0DD7}.Release|ARM.ActiveCfg = Release|Any CPU
		{93ACCEED-955F-4AF0-A909-76FE718B0DD7}.Release|ARM.Build.0 = Release|Any CPU
		{93ACCEED-955F-4AF0-A909-76FE718B0DD7}.Release|ARM64.ActiveCfg = Release|Any CPU
		{93ACCEED-955F-4AF0-A909-76FE718B0DD7}.Release|ARM64.Build.0 = Release|Any CPU
		{93ACCEED-955F-4AF0-A909-76FE718B0DD7}.Release|x64.ActiveCfg = Release|Any CPU
		{93ACCEED-955F-4AF0-A909-76FE718B0DD7}.Release|x64.Build.0 = Release|Any CPU
		{93ACCEED-955F-4AF0-A909-76FE718B0DD7}.Release|x86.ActiveCfg = Release|Any CPU
		{93ACCEED-955F-4AF0-A909-76FE718B0DD7}.Release|x86.Build.0 = Release|Any CPU
		{03795362-4319-4D97-B228-28D16D6FE3EE}.Debug|Any CPU.ActiveCfg = Debug|Any CPU
		{03795362-4319-4D97-B228-28D16D6FE3EE}.Debug|Any CPU.Build.0 = Debug|Any CPU
		{03795362-4319-4D97-B228-28D16D6FE3EE}.Debug|ARM.ActiveCfg = Debug|Any CPU
		{03795362-4319-4D97-B228-28D16D6FE3EE}.Debug|ARM.Build.0 = Debug|Any CPU
		{03795362-4319-4D97-B228-28D16D6FE3EE}.Debug|ARM64.ActiveCfg = Debug|Any CPU
		{03795362-4319-4D97-B228-28D16D6FE3EE}.Debug|ARM64.Build.0 = Debug|Any CPU
		{03795362-4319-4D97-B228-28D16D6FE3EE}.Debug|x64.ActiveCfg = Debug|Any CPU
		{03795362-4319-4D97-B228-28D16D6FE3EE}.Debug|x64.Build.0 = Debug|Any CPU
		{03795362-4319-4D97-B228-28D16D6FE3EE}.Debug|x86.ActiveCfg = Debug|Any CPU
		{03795362-4319-4D97-B228-28D16D6FE3EE}.Debug|x86.Build.0 = Debug|Any CPU
		{03795362-4319-4D97-B228-28D16D6FE3EE}.Release|Any CPU.ActiveCfg = Release|Any CPU
		{03795362-4319-4D97-B228-28D16D6FE3EE}.Release|Any CPU.Build.0 = Release|Any CPU
		{03795362-4319-4D97-B228-28D16D6FE3EE}.Release|ARM.ActiveCfg = Release|Any CPU
		{03795362-4319-4D97-B228-28D16D6FE3EE}.Release|ARM.Build.0 = Release|Any CPU
		{03795362-4319-4D97-B228-28D16D6FE3EE}.Release|ARM64.ActiveCfg = Release|Any CPU
		{03795362-4319-4D97-B228-28D16D6FE3EE}.Release|ARM64.Build.0 = Release|Any CPU
		{03795362-4319-4D97-B228-28D16D6FE3EE}.Release|x64.ActiveCfg = Release|Any CPU
		{03795362-4319-4D97-B228-28D16D6FE3EE}.Release|x64.Build.0 = Release|Any CPU
		{03795362-4319-4D97-B228-28D16D6FE3EE}.Release|x86.ActiveCfg = Release|Any CPU
		{03795362-4319-4D97-B228-28D16D6FE3EE}.Release|x86.Build.0 = Release|Any CPU
		{39FE1824-D1B6-4C76-AF0C-A99E190A6BC4}.Debug|Any CPU.ActiveCfg = Debug|Any CPU
		{39FE1824-D1B6-4C76-AF0C-A99E190A6BC4}.Debug|Any CPU.Build.0 = Debug|Any CPU
		{39FE1824-D1B6-4C76-AF0C-A99E190A6BC4}.Debug|ARM.ActiveCfg = Debug|Any CPU
		{39FE1824-D1B6-4C76-AF0C-A99E190A6BC4}.Debug|ARM.Build.0 = Debug|Any CPU
		{39FE1824-D1B6-4C76-AF0C-A99E190A6BC4}.Debug|ARM64.ActiveCfg = Debug|Any CPU
		{39FE1824-D1B6-4C76-AF0C-A99E190A6BC4}.Debug|ARM64.Build.0 = Debug|Any CPU
		{39FE1824-D1B6-4C76-AF0C-A99E190A6BC4}.Debug|x64.ActiveCfg = Debug|Any CPU
		{39FE1824-D1B6-4C76-AF0C-A99E190A6BC4}.Debug|x64.Build.0 = Debug|Any CPU
		{39FE1824-D1B6-4C76-AF0C-A99E190A6BC4}.Debug|x86.ActiveCfg = Debug|Any CPU
		{39FE1824-D1B6-4C76-AF0C-A99E190A6BC4}.Debug|x86.Build.0 = Debug|Any CPU
		{39FE1824-D1B6-4C76-AF0C-A99E190A6BC4}.Release|Any CPU.ActiveCfg = Release|Any CPU
		{39FE1824-D1B6-4C76-AF0C-A99E190A6BC4}.Release|Any CPU.Build.0 = Release|Any CPU
		{39FE1824-D1B6-4C76-AF0C-A99E190A6BC4}.Release|ARM.ActiveCfg = Release|Any CPU
		{39FE1824-D1B6-4C76-AF0C-A99E190A6BC4}.Release|ARM.Build.0 = Release|Any CPU
		{39FE1824-D1B6-4C76-AF0C-A99E190A6BC4}.Release|ARM64.ActiveCfg = Release|Any CPU
		{39FE1824-D1B6-4C76-AF0C-A99E190A6BC4}.Release|ARM64.Build.0 = Release|Any CPU
		{39FE1824-D1B6-4C76-AF0C-A99E190A6BC4}.Release|x64.ActiveCfg = Release|Any CPU
		{39FE1824-D1B6-4C76-AF0C-A99E190A6BC4}.Release|x64.Build.0 = Release|Any CPU
		{39FE1824-D1B6-4C76-AF0C-A99E190A6BC4}.Release|x86.ActiveCfg = Release|Any CPU
		{39FE1824-D1B6-4C76-AF0C-A99E190A6BC4}.Release|x86.Build.0 = Release|Any CPU
		{CA4E7F09-55CC-417D-AF6D-403754811586}.Debug|Any CPU.ActiveCfg = Debug|Any CPU
		{CA4E7F09-55CC-417D-AF6D-403754811586}.Debug|Any CPU.Build.0 = Debug|Any CPU
		{CA4E7F09-55CC-417D-AF6D-403754811586}.Debug|ARM.ActiveCfg = Debug|Any CPU
		{CA4E7F09-55CC-417D-AF6D-403754811586}.Debug|ARM.Build.0 = Debug|Any CPU
		{CA4E7F09-55CC-417D-AF6D-403754811586}.Debug|ARM64.ActiveCfg = Debug|Any CPU
		{CA4E7F09-55CC-417D-AF6D-403754811586}.Debug|ARM64.Build.0 = Debug|Any CPU
		{CA4E7F09-55CC-417D-AF6D-403754811586}.Debug|x64.ActiveCfg = Debug|Any CPU
		{CA4E7F09-55CC-417D-AF6D-403754811586}.Debug|x64.Build.0 = Debug|Any CPU
		{CA4E7F09-55CC-417D-AF6D-403754811586}.Debug|x86.ActiveCfg = Debug|Any CPU
		{CA4E7F09-55CC-417D-AF6D-403754811586}.Debug|x86.Build.0 = Debug|Any CPU
		{CA4E7F09-55CC-417D-AF6D-403754811586}.Release|Any CPU.ActiveCfg = Release|Any CPU
		{CA4E7F09-55CC-417D-AF6D-403754811586}.Release|Any CPU.Build.0 = Release|Any CPU
		{CA4E7F09-55CC-417D-AF6D-403754811586}.Release|ARM.ActiveCfg = Release|Any CPU
		{CA4E7F09-55CC-417D-AF6D-403754811586}.Release|ARM.Build.0 = Release|Any CPU
		{CA4E7F09-55CC-417D-AF6D-403754811586}.Release|ARM64.ActiveCfg = Release|Any CPU
		{CA4E7F09-55CC-417D-AF6D-403754811586}.Release|ARM64.Build.0 = Release|Any CPU
		{CA4E7F09-55CC-417D-AF6D-403754811586}.Release|x64.ActiveCfg = Release|Any CPU
		{CA4E7F09-55CC-417D-AF6D-403754811586}.Release|x64.Build.0 = Release|Any CPU
		{CA4E7F09-55CC-417D-AF6D-403754811586}.Release|x86.ActiveCfg = Release|Any CPU
		{CA4E7F09-55CC-417D-AF6D-403754811586}.Release|x86.Build.0 = Release|Any CPU
		{DAFD322D-DBDC-4728-B4F3-50626570A189}.Debug|Any CPU.ActiveCfg = Debug|Any CPU
		{DAFD322D-DBDC-4728-B4F3-50626570A189}.Debug|Any CPU.Build.0 = Debug|Any CPU
		{DAFD322D-DBDC-4728-B4F3-50626570A189}.Debug|ARM.ActiveCfg = Debug|Any CPU
		{DAFD322D-DBDC-4728-B4F3-50626570A189}.Debug|ARM.Build.0 = Debug|Any CPU
		{DAFD322D-DBDC-4728-B4F3-50626570A189}.Debug|ARM64.ActiveCfg = Debug|Any CPU
		{DAFD322D-DBDC-4728-B4F3-50626570A189}.Debug|ARM64.Build.0 = Debug|Any CPU
		{DAFD322D-DBDC-4728-B4F3-50626570A189}.Debug|x64.ActiveCfg = Debug|Any CPU
		{DAFD322D-DBDC-4728-B4F3-50626570A189}.Debug|x64.Build.0 = Debug|Any CPU
		{DAFD322D-DBDC-4728-B4F3-50626570A189}.Debug|x86.ActiveCfg = Debug|Any CPU
		{DAFD322D-DBDC-4728-B4F3-50626570A189}.Debug|x86.Build.0 = Debug|Any CPU
		{DAFD322D-DBDC-4728-B4F3-50626570A189}.Release|Any CPU.ActiveCfg = Release|Any CPU
		{DAFD322D-DBDC-4728-B4F3-50626570A189}.Release|Any CPU.Build.0 = Release|Any CPU
		{DAFD322D-DBDC-4728-B4F3-50626570A189}.Release|ARM.ActiveCfg = Release|Any CPU
		{DAFD322D-DBDC-4728-B4F3-50626570A189}.Release|ARM.Build.0 = Release|Any CPU
		{DAFD322D-DBDC-4728-B4F3-50626570A189}.Release|ARM64.ActiveCfg = Release|Any CPU
		{DAFD322D-DBDC-4728-B4F3-50626570A189}.Release|ARM64.Build.0 = Release|Any CPU
		{DAFD322D-DBDC-4728-B4F3-50626570A189}.Release|x64.ActiveCfg = Release|Any CPU
		{DAFD322D-DBDC-4728-B4F3-50626570A189}.Release|x64.Build.0 = Release|Any CPU
		{DAFD322D-DBDC-4728-B4F3-50626570A189}.Release|x86.ActiveCfg = Release|Any CPU
		{DAFD322D-DBDC-4728-B4F3-50626570A189}.Release|x86.Build.0 = Release|Any CPU
	EndGlobalSection
	GlobalSection(SolutionProperties) = preSolution
		HideSolutionNode = FALSE
	EndGlobalSection
	GlobalSection(ExtensibilityGlobals) = postSolution
		SolutionGuid = {76EC2335-3EAD-45E4-94A3-6FBEF227F529}
	EndGlobalSection
EndGlobal
