
Microsoft Visual Studio Solution File, Format Version 12.00
# Visual Studio Version 17
VisualStudioVersion = 17.0.31903.59
MinimumVisualStudioVersion = 10.0.40219.1
Project("{9A19103F-16F7-4668-BE54-9A1E7A4F7556}") = "Cs4rsaDatabaseService", "Cs4rsaDatabaseService\Cs4rsaDatabaseService.csproj", "{D023AA31-EAB7-4B34-B861-8A90948342E8}"
EndProject
Project("{9A19103F-16F7-4668-BE54-9A1E7A4F7556}") = "HelperService", "HelperService\HelperService.csproj", "{DFC60310-E393-437F-8DF4-2330CFB304D5}"
EndProject
Project("{9A19103F-16F7-4668-BE54-9A1E7A4F7556}") = "TeacherCrawlerService1", "TeacherCrawlerService1\TeacherCrawlerService1.csproj", "{2F22FCDF-AD6A-456F-8C62-D82B5D46E75C}"
EndProject
Project("{9A19103F-16F7-4668-BE54-9A1E7A4F7556}") = "CourseSearchService", "CourseSearchService\CourseSearchService.csproj", "{A3461552-1257-433C-B527-A4ADA1538AD7}"
EndProject
Project("{9A19103F-16F7-4668-BE54-9A1E7A4F7556}") = "DisciplineCrawlerService", "DisciplineCrawlerService\DisciplineCrawlerService.csproj", "{F2D5710D-4143-4CC6-9C48-23F1AB670091}"
EndProject
Project("{9A19103F-16F7-4668-BE54-9A1E7A4F7556}") = "cs4rsa_core", "cs4rsa_core\cs4rsa_core.csproj", "{93ACCEED-955F-4AF0-A909-76FE718B0DD7}"
EndProject
Project("{9A19103F-16F7-4668-BE54-9A1E7A4F7556}") = "SubjectCrawlService1", "SubjectCrawlService1\SubjectCrawlService1.csproj", "{03A31965-826F-47E1-AB54-DA44F9711F2A}"
EndProject
Project("{2150E333-8FDC-42A3-9474-1A3956D46DE8}") = "Solution Items", "Solution Items", "{F2BB9055-57B8-4383-B9A7-C1F0A15696D2}"
	ProjectSection(SolutionItems) = preProject
		.github\workflows\dotnet.yml = .github\workflows\dotnet.yml
		README.md = README.md
	EndProjectSection
EndProject
Project("{9A19103F-16F7-4668-BE54-9A1E7A4F7556}") = "ConflictService", "ConflictService\ConflictService.csproj", "{D51764B2-5321-41A5-99BE-B25CE27E3677}"
EndProject
Project("{9A19103F-16F7-4668-BE54-9A1E7A4F7556}") = "ProgramSubjectCrawlerService", "ProgramSubjectCrawlerService\ProgramSubjectCrawlerService.csproj", "{04307AF0-985B-4958-9961-069D06A18DEA}"
EndProject
Project("{9A19103F-16F7-4668-BE54-9A1E7A4F7556}") = "StudentCrawlerService", "StudentCrawlerService\StudentCrawlerService.csproj", "{E647E4A4-F1D1-4878-8447-6492588BADFC}"
EndProject
Project("{9A19103F-16F7-4668-BE54-9A1E7A4F7556}") = "CurriculumCrawlerService", "CurriculumCrawlerService\CurriculumCrawlerService.csproj", "{ECB0E3AD-024B-46FD-AD21-EC07399436A1}"
EndProject
Project("{9A19103F-16F7-4668-BE54-9A1E7A4F7556}") = "FirebaseService", "FirebaseService\FirebaseService.csproj", "{04988B79-DAB1-463A-A736-F7D9A3587A0D}"
EndProject
Project("{9A19103F-16F7-4668-BE54-9A1E7A4F7556}") = "CourseSearchDLL", "CourseSearchDLL\CourseSearchDLL.csproj", "{D13D7A10-D9D5-417B-8616-B88123260AFB}"
EndProject
Project("{9A19103F-16F7-4668-BE54-9A1E7A4F7556}") = "HelperServiceDLL", "HelperServiceDLL\HelperServiceDLL.csproj", "{D66A203B-4F2D-477F-B792-61D514F6C310}"
EndProject
Project("{9A19103F-16F7-4668-BE54-9A1E7A4F7556}") = "Cs4rsaBlazorModel", "Cs4rsaBlazorModel\Cs4rsaBlazorModel.csproj", "{C267B35C-3F57-4D7A-A9FB-9E0A635451FC}"
EndProject
Project("{9A19103F-16F7-4668-BE54-9A1E7A4F7556}") = "DisciplineCrawlerDLL", "DisciplineCrawlerDLL\DisciplineCrawlerDLL.csproj", "{7D1E5159-8826-4C35-B6CE-56E2DF836D52}"
EndProject
Project("{9A19103F-16F7-4668-BE54-9A1E7A4F7556}") = "Cs4rsaTestDLL", "Cs4rsaTestDLL\Cs4rsaTestDLL.csproj", "{6D7B83C6-1744-43E0-8A8B-5107FF46165D}"
EndProject
Project("{9A19103F-16F7-4668-BE54-9A1E7A4F7556}") = "TestCs4rsa", "TestCs4rsa\TestCs4rsa.csproj", "{BA51F3BA-64B9-4FB5-A886-6383C3E5EA0A}"
EndProject
Global
	GlobalSection(SolutionConfigurationPlatforms) = preSolution
		Debug|Any CPU = Debug|Any CPU
		Release|Any CPU = Release|Any CPU
	EndGlobalSection
	GlobalSection(ProjectConfigurationPlatforms) = postSolution
		{D023AA31-EAB7-4B34-B861-8A90948342E8}.Debug|Any CPU.ActiveCfg = Debug|Any CPU
		{D023AA31-EAB7-4B34-B861-8A90948342E8}.Debug|Any CPU.Build.0 = Debug|Any CPU
		{D023AA31-EAB7-4B34-B861-8A90948342E8}.Release|Any CPU.ActiveCfg = Release|Any CPU
		{D023AA31-EAB7-4B34-B861-8A90948342E8}.Release|Any CPU.Build.0 = Release|Any CPU
		{DFC60310-E393-437F-8DF4-2330CFB304D5}.Debug|Any CPU.ActiveCfg = Debug|Any CPU
		{DFC60310-E393-437F-8DF4-2330CFB304D5}.Debug|Any CPU.Build.0 = Debug|Any CPU
		{DFC60310-E393-437F-8DF4-2330CFB304D5}.Release|Any CPU.ActiveCfg = Release|Any CPU
		{DFC60310-E393-437F-8DF4-2330CFB304D5}.Release|Any CPU.Build.0 = Release|Any CPU
		{2F22FCDF-AD6A-456F-8C62-D82B5D46E75C}.Debug|Any CPU.ActiveCfg = Debug|Any CPU
		{2F22FCDF-AD6A-456F-8C62-D82B5D46E75C}.Debug|Any CPU.Build.0 = Debug|Any CPU
		{2F22FCDF-AD6A-456F-8C62-D82B5D46E75C}.Release|Any CPU.ActiveCfg = Release|Any CPU
		{2F22FCDF-AD6A-456F-8C62-D82B5D46E75C}.Release|Any CPU.Build.0 = Release|Any CPU
		{A3461552-1257-433C-B527-A4ADA1538AD7}.Debug|Any CPU.ActiveCfg = Debug|Any CPU
		{A3461552-1257-433C-B527-A4ADA1538AD7}.Debug|Any CPU.Build.0 = Debug|Any CPU
		{A3461552-1257-433C-B527-A4ADA1538AD7}.Release|Any CPU.ActiveCfg = Release|Any CPU
		{A3461552-1257-433C-B527-A4ADA1538AD7}.Release|Any CPU.Build.0 = Release|Any CPU
		{F2D5710D-4143-4CC6-9C48-23F1AB670091}.Debug|Any CPU.ActiveCfg = Debug|Any CPU
		{F2D5710D-4143-4CC6-9C48-23F1AB670091}.Debug|Any CPU.Build.0 = Debug|Any CPU
		{F2D5710D-4143-4CC6-9C48-23F1AB670091}.Release|Any CPU.ActiveCfg = Release|Any CPU
		{F2D5710D-4143-4CC6-9C48-23F1AB670091}.Release|Any CPU.Build.0 = Release|Any CPU
		{93ACCEED-955F-4AF0-A909-76FE718B0DD7}.Debug|Any CPU.ActiveCfg = Debug|Any CPU
		{93ACCEED-955F-4AF0-A909-76FE718B0DD7}.Debug|Any CPU.Build.0 = Debug|Any CPU
		{93ACCEED-955F-4AF0-A909-76FE718B0DD7}.Release|Any CPU.ActiveCfg = Release|Any CPU
		{93ACCEED-955F-4AF0-A909-76FE718B0DD7}.Release|Any CPU.Build.0 = Release|Any CPU
		{03A31965-826F-47E1-AB54-DA44F9711F2A}.Debug|Any CPU.ActiveCfg = Debug|Any CPU
		{03A31965-826F-47E1-AB54-DA44F9711F2A}.Debug|Any CPU.Build.0 = Debug|Any CPU
		{03A31965-826F-47E1-AB54-DA44F9711F2A}.Release|Any CPU.ActiveCfg = Release|Any CPU
		{03A31965-826F-47E1-AB54-DA44F9711F2A}.Release|Any CPU.Build.0 = Release|Any CPU
		{D51764B2-5321-41A5-99BE-B25CE27E3677}.Debug|Any CPU.ActiveCfg = Debug|Any CPU
		{D51764B2-5321-41A5-99BE-B25CE27E3677}.Debug|Any CPU.Build.0 = Debug|Any CPU
		{D51764B2-5321-41A5-99BE-B25CE27E3677}.Release|Any CPU.ActiveCfg = Release|Any CPU
		{D51764B2-5321-41A5-99BE-B25CE27E3677}.Release|Any CPU.Build.0 = Release|Any CPU
		{04307AF0-985B-4958-9961-069D06A18DEA}.Debug|Any CPU.ActiveCfg = Debug|Any CPU
		{04307AF0-985B-4958-9961-069D06A18DEA}.Debug|Any CPU.Build.0 = Debug|Any CPU
		{04307AF0-985B-4958-9961-069D06A18DEA}.Release|Any CPU.ActiveCfg = Release|Any CPU
		{04307AF0-985B-4958-9961-069D06A18DEA}.Release|Any CPU.Build.0 = Release|Any CPU
		{E647E4A4-F1D1-4878-8447-6492588BADFC}.Debug|Any CPU.ActiveCfg = Debug|Any CPU
		{E647E4A4-F1D1-4878-8447-6492588BADFC}.Debug|Any CPU.Build.0 = Debug|Any CPU
		{E647E4A4-F1D1-4878-8447-6492588BADFC}.Release|Any CPU.ActiveCfg = Release|Any CPU
		{E647E4A4-F1D1-4878-8447-6492588BADFC}.Release|Any CPU.Build.0 = Release|Any CPU
		{ECB0E3AD-024B-46FD-AD21-EC07399436A1}.Debug|Any CPU.ActiveCfg = Debug|Any CPU
		{ECB0E3AD-024B-46FD-AD21-EC07399436A1}.Debug|Any CPU.Build.0 = Debug|Any CPU
		{ECB0E3AD-024B-46FD-AD21-EC07399436A1}.Release|Any CPU.ActiveCfg = Release|Any CPU
		{ECB0E3AD-024B-46FD-AD21-EC07399436A1}.Release|Any CPU.Build.0 = Release|Any CPU
		{04988B79-DAB1-463A-A736-F7D9A3587A0D}.Debug|Any CPU.ActiveCfg = Debug|Any CPU
		{04988B79-DAB1-463A-A736-F7D9A3587A0D}.Debug|Any CPU.Build.0 = Debug|Any CPU
		{04988B79-DAB1-463A-A736-F7D9A3587A0D}.Release|Any CPU.ActiveCfg = Release|Any CPU
		{04988B79-DAB1-463A-A736-F7D9A3587A0D}.Release|Any CPU.Build.0 = Release|Any CPU
		{D13D7A10-D9D5-417B-8616-B88123260AFB}.Debug|Any CPU.ActiveCfg = Debug|Any CPU
		{D13D7A10-D9D5-417B-8616-B88123260AFB}.Debug|Any CPU.Build.0 = Debug|Any CPU
		{D13D7A10-D9D5-417B-8616-B88123260AFB}.Release|Any CPU.ActiveCfg = Release|Any CPU
		{D13D7A10-D9D5-417B-8616-B88123260AFB}.Release|Any CPU.Build.0 = Release|Any CPU
		{D66A203B-4F2D-477F-B792-61D514F6C310}.Debug|Any CPU.ActiveCfg = Debug|Any CPU
		{D66A203B-4F2D-477F-B792-61D514F6C310}.Debug|Any CPU.Build.0 = Debug|Any CPU
		{D66A203B-4F2D-477F-B792-61D514F6C310}.Release|Any CPU.ActiveCfg = Release|Any CPU
		{D66A203B-4F2D-477F-B792-61D514F6C310}.Release|Any CPU.Build.0 = Release|Any CPU
		{C267B35C-3F57-4D7A-A9FB-9E0A635451FC}.Debug|Any CPU.ActiveCfg = Debug|Any CPU
		{C267B35C-3F57-4D7A-A9FB-9E0A635451FC}.Debug|Any CPU.Build.0 = Debug|Any CPU
		{C267B35C-3F57-4D7A-A9FB-9E0A635451FC}.Release|Any CPU.ActiveCfg = Release|Any CPU
		{C267B35C-3F57-4D7A-A9FB-9E0A635451FC}.Release|Any CPU.Build.0 = Release|Any CPU
		{7D1E5159-8826-4C35-B6CE-56E2DF836D52}.Debug|Any CPU.ActiveCfg = Debug|Any CPU
		{7D1E5159-8826-4C35-B6CE-56E2DF836D52}.Debug|Any CPU.Build.0 = Debug|Any CPU
		{7D1E5159-8826-4C35-B6CE-56E2DF836D52}.Release|Any CPU.ActiveCfg = Release|Any CPU
		{7D1E5159-8826-4C35-B6CE-56E2DF836D52}.Release|Any CPU.Build.0 = Release|Any CPU
		{6D7B83C6-1744-43E0-8A8B-5107FF46165D}.Debug|Any CPU.ActiveCfg = Debug|Any CPU
		{6D7B83C6-1744-43E0-8A8B-5107FF46165D}.Debug|Any CPU.Build.0 = Debug|Any CPU
		{6D7B83C6-1744-43E0-8A8B-5107FF46165D}.Release|Any CPU.ActiveCfg = Release|Any CPU
		{6D7B83C6-1744-43E0-8A8B-5107FF46165D}.Release|Any CPU.Build.0 = Release|Any CPU
		{BA51F3BA-64B9-4FB5-A886-6383C3E5EA0A}.Debug|Any CPU.ActiveCfg = Debug|Any CPU
		{BA51F3BA-64B9-4FB5-A886-6383C3E5EA0A}.Debug|Any CPU.Build.0 = Debug|Any CPU
		{BA51F3BA-64B9-4FB5-A886-6383C3E5EA0A}.Release|Any CPU.ActiveCfg = Release|Any CPU
		{BA51F3BA-64B9-4FB5-A886-6383C3E5EA0A}.Release|Any CPU.Build.0 = Release|Any CPU
	EndGlobalSection
	GlobalSection(SolutionProperties) = preSolution
		HideSolutionNode = FALSE
	EndGlobalSection
	GlobalSection(NestedProjects) = preSolution
		{C267B35C-3F57-4D7A-A9FB-9E0A635451FC} = {F2BB9055-57B8-4383-B9A7-C1F0A15696D2}
	EndGlobalSection
	GlobalSection(ExtensibilityGlobals) = postSolution
		SolutionGuid = {76EC2335-3EAD-45E4-94A3-6FBEF227F529}
	EndGlobalSection
EndGlobal
